
Microsoft Visual Studio Solution File, Format Version 12.00
# Visual Studio 15
VisualStudioVersion = 15.0.28307.329
MinimumVisualStudioVersion = 10.0.40219.1
Project("{FAE04EC0-301F-11D3-BF4B-00C04F79EFBC}") = "DocumentFlow", "DocumentFlow\DocumentFlow.csproj", "{982159B7-4D13-41BA-B7CF-C82A5C7B9AD9}"
EndProject
Project("{FAE04EC0-301F-11D3-BF4B-00C04F79EFBC}") = "DocumentFlowCore", "DocumentFlowCore\DocumentFlowCore.csproj", "{292965D6-E983-4A6D-9C9B-C51E75AAF517}"
EndProject
Global
	GlobalSection(SolutionConfigurationPlatforms) = preSolution
		Debug|Any CPU = Debug|Any CPU
		Release|Any CPU = Release|Any CPU
	EndGlobalSection
	GlobalSection(ProjectConfigurationPlatforms) = postSolution
		{982159B7-4D13-41BA-B7CF-C82A5C7B9AD9}.Debug|Any CPU.ActiveCfg = Debug|Any CPU
		{982159B7-4D13-41BA-B7CF-C82A5C7B9AD9}.Debug|Any CPU.Build.0 = Debug|Any CPU
		{982159B7-4D13-41BA-B7CF-C82A5C7B9AD9}.Release|Any CPU.ActiveCfg = Release|Any CPU
		{982159B7-4D13-41BA-B7CF-C82A5C7B9AD9}.Release|Any CPU.Build.0 = Release|Any CPU
		{292965D6-E983-4A6D-9C9B-C51E75AAF517}.Debug|Any CPU.ActiveCfg = Debug|Any CPU
		{292965D6-E983-4A6D-9C9B-C51E75AAF517}.Debug|Any CPU.Build.0 = Debug|Any CPU
		{292965D6-E983-4A6D-9C9B-C51E75AAF517}.Release|Any CPU.ActiveCfg = Release|Any CPU
		{292965D6-E983-4A6D-9C9B-C51E75AAF517}.Release|Any CPU.Build.0 = Release|Any CPU
	EndGlobalSection
	GlobalSection(SolutionProperties) = preSolution
		HideSolutionNode = FALSE
	EndGlobalSection
	GlobalSection(ExtensibilityGlobals) = postSolution
		SolutionGuid = {E049BD25-7EA6-4BE4-8447-DAD16D56E2D3}
	EndGlobalSection
EndGlobal
